// !$*UTF8*$!
{
	archiveVersion = 1;
	classes = {
	};
	objectVersion = 56;
	objects = {

/* Begin PBXBuildFile section */
		221A50092BA0BBAA0026F6CE /* BuyOneGetOneLabel.swift in Sources */ = {isa = PBXBuildFile; fileRef = 221A50082BA0BBAA0026F6CE /* BuyOneGetOneLabel.swift */; };
		221A500B2BA0BBBC0026F6CE /* BuyThreeGetDiscountsForEachLabel.swift in Sources */ = {isa = PBXBuildFile; fileRef = 221A500A2BA0BBBC0026F6CE /* BuyThreeGetDiscountsForEachLabel.swift */; };
		221A500D2BA0BCFA0026F6CE /* LabelViewModifiers.swift in Sources */ = {isa = PBXBuildFile; fileRef = 221A500C2BA0BCFA0026F6CE /* LabelViewModifiers.swift */; };
		221A500F2BA0BFC10026F6CE /* BackgroundSymbol.swift in Sources */ = {isa = PBXBuildFile; fileRef = 221A500E2BA0BFC10026F6CE /* BackgroundSymbol.swift */; };
		2235228E2BA051F200FFC72A /* ProductGridItemView.swift in Sources */ = {isa = PBXBuildFile; fileRef = 2235228D2BA051F200FFC72A /* ProductGridItemView.swift */; };
		223522902BA0590E00FFC72A /* DisplayImage.swift in Sources */ = {isa = PBXBuildFile; fileRef = 2235228F2BA0590E00FFC72A /* DisplayImage.swift */; };
		223522922BA06EF700FFC72A /* Colors.swift in Sources */ = {isa = PBXBuildFile; fileRef = 223522912BA06EF700FFC72A /* Colors.swift */; };
		225C2B892BA1A8C800093D6F /* GlobleViewModifiers.swift in Sources */ = {isa = PBXBuildFile; fileRef = 225C2B882BA1A8C800093D6F /* GlobleViewModifiers.swift */; };
		22C16C8D2BA121B500F90042 /* BackgroundSymbolsView.swift in Sources */ = {isa = PBXBuildFile; fileRef = 22C16C8C2BA121B500F90042 /* BackgroundSymbolsView.swift */; };
		22C16C8F2BA133F900F90042 /* MainButton.swift in Sources */ = {isa = PBXBuildFile; fileRef = 22C16C8E2BA133F900F90042 /* MainButton.swift */; };
		22EF02D82BA1D52100352131 /* CartItemCell.swift in Sources */ = {isa = PBXBuildFile; fileRef = 22EF02D72BA1D52100352131 /* CartItemCell.swift */; };
		6D13F83F2B8F8DE4000377F1 /* StoreApp.swift in Sources */ = {isa = PBXBuildFile; fileRef = 6D13F83E2B8F8DE4000377F1 /* StoreApp.swift */; };
		6D13F8412B8F8DE4000377F1 /* HomeView.swift in Sources */ = {isa = PBXBuildFile; fileRef = 6D13F8402B8F8DE4000377F1 /* HomeView.swift */; };
		6D13F8432B8F8DE5000377F1 /* Assets.xcassets in Resources */ = {isa = PBXBuildFile; fileRef = 6D13F8422B8F8DE5000377F1 /* Assets.xcassets */; };
		6D13F8462B8F8DE5000377F1 /* Preview Assets.xcassets in Resources */ = {isa = PBXBuildFile; fileRef = 6D13F8452B8F8DE5000377F1 /* Preview Assets.xcassets */; };
		6D13F8502B8F8DE5000377F1 /* StoreTests.swift in Sources */ = {isa = PBXBuildFile; fileRef = 6D13F84F2B8F8DE5000377F1 /* StoreTests.swift */; };
		6D13F85A2B8F8DE5000377F1 /* StoreUITests.swift in Sources */ = {isa = PBXBuildFile; fileRef = 6D13F8592B8F8DE5000377F1 /* StoreUITests.swift */; };
		6D13F85C2B8F8DE5000377F1 /* StoreUITestsLaunchTests.swift in Sources */ = {isa = PBXBuildFile; fileRef = 6D13F85B2B8F8DE5000377F1 /* StoreUITestsLaunchTests.swift */; };
		6D13F8692B8F9164000377F1 /* CheckoutService.swift in Sources */ = {isa = PBXBuildFile; fileRef = 6D13F8682B8F9164000377F1 /* CheckoutService.swift */; };
		6D13F86B2B8F9176000377F1 /* ProductCodes.swift in Sources */ = {isa = PBXBuildFile; fileRef = 6D13F86A2B8F9176000377F1 /* ProductCodes.swift */; };
		6D13F86E2B8F9500000377F1 /* PricingRulesProtocal.swift in Sources */ = {isa = PBXBuildFile; fileRef = 6D13F86D2B8F9500000377F1 /* PricingRulesProtocal.swift */; };
		6D13F8702B8F9547000377F1 /* BuyOneGetOnePricingRule.swift in Sources */ = {isa = PBXBuildFile; fileRef = 6D13F86F2B8F9547000377F1 /* BuyOneGetOnePricingRule.swift */; };
		6D13F8722B8F9553000377F1 /* LotBuyPricingRule.swift in Sources */ = {isa = PBXBuildFile; fileRef = 6D13F8712B8F9553000377F1 /* LotBuyPricingRule.swift */; };
		6D17BC7D2B9B49BE00414E3B /* ViewError.swift in Sources */ = {isa = PBXBuildFile; fileRef = 6D17BC7C2B9B49BE00414E3B /* ViewError.swift */; };
		6DC3BD992B9E2948003D5EB9 /* BasePricingRule.swift in Sources */ = {isa = PBXBuildFile; fileRef = 6DC3BD982B9E2948003D5EB9 /* BasePricingRule.swift */; };
		6DC3BDA22B9E5128003D5EB9 /* MocProductsService.swift in Sources */ = {isa = PBXBuildFile; fileRef = 6DC3BDA12B9E5128003D5EB9 /* MocProductsService.swift */; };
		6DC3BDA82B9E5E6B003D5EB9 /* ProductProtocol.swift in Sources */ = {isa = PBXBuildFile; fileRef = 6DC3BDA72B9E5E6B003D5EB9 /* ProductProtocol.swift */; };
		6DC3BDAD2B9E5EAD003D5EB9 /* FR1.swift in Sources */ = {isa = PBXBuildFile; fileRef = 6DC3BDAC2B9E5EAD003D5EB9 /* FR1.swift */; };
		6DC3BDAF2B9E5ECA003D5EB9 /* SR1.swift in Sources */ = {isa = PBXBuildFile; fileRef = 6DC3BDAE2B9E5ECA003D5EB9 /* SR1.swift */; };
		6DC3BDB12B9E5ED7003D5EB9 /* CF1.swift in Sources */ = {isa = PBXBuildFile; fileRef = 6DC3BDB02B9E5ED7003D5EB9 /* CF1.swift */; };
		6DD27DDA2B9F184500E7F2C5 /* ProductDetailsView.swift in Sources */ = {isa = PBXBuildFile; fileRef = 6DD27DD92B9F184500E7F2C5 /* ProductDetailsView.swift */; };
		6DD27DDE2B9F268200E7F2C5 /* FavouritesService.swift in Sources */ = {isa = PBXBuildFile; fileRef = 6DD27DDD2B9F268200E7F2C5 /* FavouritesService.swift */; };
		6DD27DE22B9F323B00E7F2C5 /* Typealias.swift in Sources */ = {isa = PBXBuildFile; fileRef = 6DD27DE12B9F323B00E7F2C5 /* Typealias.swift */; };
		6DD27DE52B9F464800E7F2C5 /* MocData.swift in Sources */ = {isa = PBXBuildFile; fileRef = 6DD27DE42B9F464800E7F2C5 /* MocData.swift */; };
		6DD27DE72B9F538200E7F2C5 /* CartView.swift in Sources */ = {isa = PBXBuildFile; fileRef = 6DD27DE62B9F538200E7F2C5 /* CartView.swift */; };
		6DD27DE92B9F543100E7F2C5 /* Extensions.swift in Sources */ = {isa = PBXBuildFile; fileRef = 6DD27DE82B9F543100E7F2C5 /* Extensions.swift */; };
		6DD27DEC2B9F54A400E7F2C5 /* Constants.swift in Sources */ = {isa = PBXBuildFile; fileRef = 6DD27DEB2B9F54A400E7F2C5 /* Constants.swift */; };
		6DD27DF32B9F828E00E7F2C5 /* DiscountTypes.swift in Sources */ = {isa = PBXBuildFile; fileRef = 6DD27DF22B9F828E00E7F2C5 /* DiscountTypes.swift */; };
/* End PBXBuildFile section */

/* Begin PBXContainerItemProxy section */
		6D13F84C2B8F8DE5000377F1 /* PBXContainerItemProxy */ = {
			isa = PBXContainerItemProxy;
			containerPortal = 6D13F8332B8F8DE4000377F1 /* Project object */;
			proxyType = 1;
			remoteGlobalIDString = 6D13F83A2B8F8DE4000377F1;
			remoteInfo = Store;
		};
		6D13F8562B8F8DE5000377F1 /* PBXContainerItemProxy */ = {
			isa = PBXContainerItemProxy;
			containerPortal = 6D13F8332B8F8DE4000377F1 /* Project object */;
			proxyType = 1;
			remoteGlobalIDString = 6D13F83A2B8F8DE4000377F1;
			remoteInfo = Store;
		};
/* End PBXContainerItemProxy section */

/* Begin PBXFileReference section */
		221A50082BA0BBAA0026F6CE /* BuyOneGetOneLabel.swift */ = {isa = PBXFileReference; lastKnownFileType = sourcecode.swift; path = BuyOneGetOneLabel.swift; sourceTree = "<group>"; };
		221A500A2BA0BBBC0026F6CE /* BuyThreeGetDiscountsForEachLabel.swift */ = {isa = PBXFileReference; lastKnownFileType = sourcecode.swift; path = BuyThreeGetDiscountsForEachLabel.swift; sourceTree = "<group>"; };
		221A500C2BA0BCFA0026F6CE /* LabelViewModifiers.swift */ = {isa = PBXFileReference; lastKnownFileType = sourcecode.swift; path = LabelViewModifiers.swift; sourceTree = "<group>"; };
		221A500E2BA0BFC10026F6CE /* BackgroundSymbol.swift */ = {isa = PBXFileReference; lastKnownFileType = sourcecode.swift; path = BackgroundSymbol.swift; sourceTree = "<group>"; };
		2235228D2BA051F200FFC72A /* ProductGridItemView.swift */ = {isa = PBXFileReference; lastKnownFileType = sourcecode.swift; path = ProductGridItemView.swift; sourceTree = "<group>"; };
		2235228F2BA0590E00FFC72A /* DisplayImage.swift */ = {isa = PBXFileReference; lastKnownFileType = sourcecode.swift; path = DisplayImage.swift; sourceTree = "<group>"; };
		223522912BA06EF700FFC72A /* Colors.swift */ = {isa = PBXFileReference; lastKnownFileType = sourcecode.swift; path = Colors.swift; sourceTree = "<group>"; };
		225C2B882BA1A8C800093D6F /* GlobleViewModifiers.swift */ = {isa = PBXFileReference; lastKnownFileType = sourcecode.swift; path = GlobleViewModifiers.swift; sourceTree = "<group>"; };
		22C16C8C2BA121B500F90042 /* BackgroundSymbolsView.swift */ = {isa = PBXFileReference; lastKnownFileType = sourcecode.swift; path = BackgroundSymbolsView.swift; sourceTree = "<group>"; };
		22C16C8E2BA133F900F90042 /* MainButton.swift */ = {isa = PBXFileReference; lastKnownFileType = sourcecode.swift; path = MainButton.swift; sourceTree = "<group>"; };
		22EF02D72BA1D52100352131 /* CartItemCell.swift */ = {isa = PBXFileReference; lastKnownFileType = sourcecode.swift; path = CartItemCell.swift; sourceTree = "<group>"; };
		6D13F83B2B8F8DE4000377F1 /* Store.app */ = {isa = PBXFileReference; explicitFileType = wrapper.application; includeInIndex = 0; path = Store.app; sourceTree = BUILT_PRODUCTS_DIR; };
		6D13F83E2B8F8DE4000377F1 /* StoreApp.swift */ = {isa = PBXFileReference; lastKnownFileType = sourcecode.swift; path = StoreApp.swift; sourceTree = "<group>"; };
		6D13F8402B8F8DE4000377F1 /* HomeView.swift */ = {isa = PBXFileReference; lastKnownFileType = sourcecode.swift; path = HomeView.swift; sourceTree = "<group>"; };
		6D13F8422B8F8DE5000377F1 /* Assets.xcassets */ = {isa = PBXFileReference; lastKnownFileType = folder.assetcatalog; path = Assets.xcassets; sourceTree = "<group>"; };
		6D13F8452B8F8DE5000377F1 /* Preview Assets.xcassets */ = {isa = PBXFileReference; lastKnownFileType = folder.assetcatalog; path = "Preview Assets.xcassets"; sourceTree = "<group>"; };
		6D13F84B2B8F8DE5000377F1 /* StoreTests.xctest */ = {isa = PBXFileReference; explicitFileType = wrapper.cfbundle; includeInIndex = 0; path = StoreTests.xctest; sourceTree = BUILT_PRODUCTS_DIR; };
		6D13F84F2B8F8DE5000377F1 /* StoreTests.swift */ = {isa = PBXFileReference; lastKnownFileType = sourcecode.swift; path = StoreTests.swift; sourceTree = "<group>"; };
		6D13F8552B8F8DE5000377F1 /* StoreUITests.xctest */ = {isa = PBXFileReference; explicitFileType = wrapper.cfbundle; includeInIndex = 0; path = StoreUITests.xctest; sourceTree = BUILT_PRODUCTS_DIR; };
		6D13F8592B8F8DE5000377F1 /* StoreUITests.swift */ = {isa = PBXFileReference; lastKnownFileType = sourcecode.swift; path = StoreUITests.swift; sourceTree = "<group>"; };
		6D13F85B2B8F8DE5000377F1 /* StoreUITestsLaunchTests.swift */ = {isa = PBXFileReference; lastKnownFileType = sourcecode.swift; path = StoreUITestsLaunchTests.swift; sourceTree = "<group>"; };
		6D13F8682B8F9164000377F1 /* CheckoutService.swift */ = {isa = PBXFileReference; lastKnownFileType = sourcecode.swift; path = CheckoutService.swift; sourceTree = "<group>"; };
		6D13F86A2B8F9176000377F1 /* ProductCodes.swift */ = {isa = PBXFileReference; lastKnownFileType = sourcecode.swift; path = ProductCodes.swift; sourceTree = "<group>"; };
		6D13F86D2B8F9500000377F1 /* PricingRulesProtocal.swift */ = {isa = PBXFileReference; lastKnownFileType = sourcecode.swift; path = PricingRulesProtocal.swift; sourceTree = "<group>"; };
		6D13F86F2B8F9547000377F1 /* BuyOneGetOnePricingRule.swift */ = {isa = PBXFileReference; lastKnownFileType = sourcecode.swift; path = BuyOneGetOnePricingRule.swift; sourceTree = "<group>"; };
		6D13F8712B8F9553000377F1 /* LotBuyPricingRule.swift */ = {isa = PBXFileReference; lastKnownFileType = sourcecode.swift; path = LotBuyPricingRule.swift; sourceTree = "<group>"; };
		6D17BC7C2B9B49BE00414E3B /* ViewError.swift */ = {isa = PBXFileReference; lastKnownFileType = sourcecode.swift; path = ViewError.swift; sourceTree = "<group>"; };
		6DC3BD982B9E2948003D5EB9 /* BasePricingRule.swift */ = {isa = PBXFileReference; lastKnownFileType = sourcecode.swift; path = BasePricingRule.swift; sourceTree = "<group>"; };
		6DC3BDA12B9E5128003D5EB9 /* MocProductsService.swift */ = {isa = PBXFileReference; lastKnownFileType = sourcecode.swift; path = MocProductsService.swift; sourceTree = "<group>"; };
		6DC3BDA72B9E5E6B003D5EB9 /* ProductProtocol.swift */ = {isa = PBXFileReference; lastKnownFileType = sourcecode.swift; path = ProductProtocol.swift; sourceTree = "<group>"; };
		6DC3BDAC2B9E5EAD003D5EB9 /* FR1.swift */ = {isa = PBXFileReference; lastKnownFileType = sourcecode.swift; path = FR1.swift; sourceTree = "<group>"; };
		6DC3BDAE2B9E5ECA003D5EB9 /* SR1.swift */ = {isa = PBXFileReference; lastKnownFileType = sourcecode.swift; path = SR1.swift; sourceTree = "<group>"; };
		6DC3BDB02B9E5ED7003D5EB9 /* CF1.swift */ = {isa = PBXFileReference; lastKnownFileType = sourcecode.swift; path = CF1.swift; sourceTree = "<group>"; };
		6DD27DD92B9F184500E7F2C5 /* ProductDetailsView.swift */ = {isa = PBXFileReference; lastKnownFileType = sourcecode.swift; path = ProductDetailsView.swift; sourceTree = "<group>"; };
		6DD27DDD2B9F268200E7F2C5 /* FavouritesService.swift */ = {isa = PBXFileReference; lastKnownFileType = sourcecode.swift; path = FavouritesService.swift; sourceTree = "<group>"; };
		6DD27DE12B9F323B00E7F2C5 /* Typealias.swift */ = {isa = PBXFileReference; lastKnownFileType = sourcecode.swift; path = Typealias.swift; sourceTree = "<group>"; };
		6DD27DE42B9F464800E7F2C5 /* MocData.swift */ = {isa = PBXFileReference; lastKnownFileType = sourcecode.swift; path = MocData.swift; sourceTree = "<group>"; };
		6DD27DE62B9F538200E7F2C5 /* CartView.swift */ = {isa = PBXFileReference; lastKnownFileType = sourcecode.swift; path = CartView.swift; sourceTree = "<group>"; };
		6DD27DE82B9F543100E7F2C5 /* Extensions.swift */ = {isa = PBXFileReference; lastKnownFileType = sourcecode.swift; path = Extensions.swift; sourceTree = "<group>"; };
		6DD27DEB2B9F54A400E7F2C5 /* Constants.swift */ = {isa = PBXFileReference; lastKnownFileType = sourcecode.swift; path = Constants.swift; sourceTree = "<group>"; };
		6DD27DF22B9F828E00E7F2C5 /* DiscountTypes.swift */ = {isa = PBXFileReference; fileEncoding = 4; lastKnownFileType = sourcecode.swift; path = DiscountTypes.swift; sourceTree = "<group>"; };
/* End PBXFileReference section */

/* Begin PBXFrameworksBuildPhase section */
		6D13F8382B8F8DE4000377F1 /* Frameworks */ = {
			isa = PBXFrameworksBuildPhase;
			buildActionMask = 2147483647;
			files = (
			);
			runOnlyForDeploymentPostprocessing = 0;
		};
		6D13F8482B8F8DE5000377F1 /* Frameworks */ = {
			isa = PBXFrameworksBuildPhase;
			buildActionMask = 2147483647;
			files = (
			);
			runOnlyForDeploymentPostprocessing = 0;
		};
		6D13F8522B8F8DE5000377F1 /* Frameworks */ = {
			isa = PBXFrameworksBuildPhase;
			buildActionMask = 2147483647;
			files = (
			);
			runOnlyForDeploymentPostprocessing = 0;
		};
/* End PBXFrameworksBuildPhase section */

/* Begin PBXGroup section */
		221A50032BA0BB340026F6CE /* CustomViews */ = {
			isa = PBXGroup;
			children = (
				221A50082BA0BBAA0026F6CE /* BuyOneGetOneLabel.swift */,
				221A500A2BA0BBBC0026F6CE /* BuyThreeGetDiscountsForEachLabel.swift */,
				221A500C2BA0BCFA0026F6CE /* LabelViewModifiers.swift */,
				221A500E2BA0BFC10026F6CE /* BackgroundSymbol.swift */,
				22C16C8C2BA121B500F90042 /* BackgroundSymbolsView.swift */,
				22C16C8E2BA133F900F90042 /* MainButton.swift */,
				22EF02D72BA1D52100352131 /* CartItemCell.swift */,
			);
			path = CustomViews;
			sourceTree = "<group>";
		};
		2235228A2BA051C900FFC72A /* Home */ = {
			isa = PBXGroup;
			children = (
				6D13F8402B8F8DE4000377F1 /* HomeView.swift */,
				2235228D2BA051F200FFC72A /* ProductGridItemView.swift */,
			);
			path = Home;
			sourceTree = "<group>";
		};
		6D13F8322B8F8DE4000377F1 = {
			isa = PBXGroup;
			children = (
				6D13F83D2B8F8DE4000377F1 /* Store */,
				6D13F84E2B8F8DE5000377F1 /* StoreTests */,
				6D13F8582B8F8DE5000377F1 /* StoreUITests */,
				6D13F83C2B8F8DE4000377F1 /* Products */,
			);
			sourceTree = "<group>";
		};
		6D13F83C2B8F8DE4000377F1 /* Products */ = {
			isa = PBXGroup;
			children = (
				6D13F83B2B8F8DE4000377F1 /* Store.app */,
				6D13F84B2B8F8DE5000377F1 /* StoreTests.xctest */,
				6D13F8552B8F8DE5000377F1 /* StoreUITests.xctest */,
			);
			name = Products;
			sourceTree = "<group>";
		};
		6D13F83D2B8F8DE4000377F1 /* Store */ = {
			isa = PBXGroup;
			children = (
				6D13F83E2B8F8DE4000377F1 /* StoreApp.swift */,
				6DC3BD9C2B9E4DBF003D5EB9 /* Views */,
				6DC3BDA92B9E5E85003D5EB9 /* Models */,
				6DC3BDA02B9E50F6003D5EB9 /* Services */,
				6DC3BD9B2B9E4AA5003D5EB9 /* Contracts */,
				6D17BC7E2B9B49C400414E3B /* Errors */,
				6DC3BD9A2B9E49FA003D5EB9 /* PricingRules */,
				6D13F86C2B8F9180000377F1 /* Helpers */,
				6D13F8422B8F8DE5000377F1 /* Assets.xcassets */,
				6D13F8442B8F8DE5000377F1 /* Preview Content */,
			);
			path = Store;
			sourceTree = "<group>";
		};
		6D13F8442B8F8DE5000377F1 /* Preview Content */ = {
			isa = PBXGroup;
			children = (
				6D13F8452B8F8DE5000377F1 /* Preview Assets.xcassets */,
			);
			path = "Preview Content";
			sourceTree = "<group>";
		};
		6D13F84E2B8F8DE5000377F1 /* StoreTests */ = {
			isa = PBXGroup;
			children = (
				6D13F84F2B8F8DE5000377F1 /* StoreTests.swift */,
			);
			path = StoreTests;
			sourceTree = "<group>";
		};
		6D13F8582B8F8DE5000377F1 /* StoreUITests */ = {
			isa = PBXGroup;
			children = (
				6D13F8592B8F8DE5000377F1 /* StoreUITests.swift */,
				6D13F85B2B8F8DE5000377F1 /* StoreUITestsLaunchTests.swift */,
			);
			path = StoreUITests;
			sourceTree = "<group>";
		};
		6D13F86C2B8F9180000377F1 /* Helpers */ = {
			isa = PBXGroup;
			children = (
				6DD27DEF2B9F7D9D00E7F2C5 /* Enums */,
				6DD27DE12B9F323B00E7F2C5 /* Typealias.swift */,
				6DD27DE82B9F543100E7F2C5 /* Extensions.swift */,
				6DD27DEB2B9F54A400E7F2C5 /* Constants.swift */,
				223522912BA06EF700FFC72A /* Colors.swift */,
			);
			path = Helpers;
			sourceTree = "<group>";
		};
		6D17BC7E2B9B49C400414E3B /* Errors */ = {
			isa = PBXGroup;
			children = (
				6D17BC7C2B9B49BE00414E3B /* ViewError.swift */,
			);
			path = Errors;
			sourceTree = "<group>";
		};
		6DC3BD9A2B9E49FA003D5EB9 /* PricingRules */ = {
			isa = PBXGroup;
			children = (
				6D13F86F2B8F9547000377F1 /* BuyOneGetOnePricingRule.swift */,
				6D13F8712B8F9553000377F1 /* LotBuyPricingRule.swift */,
			);
			path = PricingRules;
			sourceTree = "<group>";
		};
		6DC3BD9B2B9E4AA5003D5EB9 /* Contracts */ = {
			isa = PBXGroup;
			children = (
				6D13F86D2B8F9500000377F1 /* PricingRulesProtocal.swift */,
				6DC3BDA72B9E5E6B003D5EB9 /* ProductProtocol.swift */,
				6DC3BD982B9E2948003D5EB9 /* BasePricingRule.swift */,
			);
			path = Contracts;
			sourceTree = "<group>";
		};
		6DC3BD9C2B9E4DBF003D5EB9 /* Views */ = {
			isa = PBXGroup;
			children = (
				221A50032BA0BB340026F6CE /* CustomViews */,
				2235228A2BA051C900FFC72A /* Home */,
				6DD27DD92B9F184500E7F2C5 /* ProductDetailsView.swift */,
				6DD27DE62B9F538200E7F2C5 /* CartView.swift */,
				225C2B882BA1A8C800093D6F /* GlobleViewModifiers.swift */,
			);
			path = Views;
			sourceTree = "<group>";
		};
		6DC3BDA02B9E50F6003D5EB9 /* Services */ = {
			isa = PBXGroup;
			children = (
				6DD27DE32B9F455300E7F2C5 /* Mocs */,
				6DD27DDD2B9F268200E7F2C5 /* FavouritesService.swift */,
				6D13F8682B8F9164000377F1 /* CheckoutService.swift */,
			);
			path = Services;
			sourceTree = "<group>";
		};
		6DC3BDA92B9E5E85003D5EB9 /* Models */ = {
			isa = PBXGroup;
			children = (
				6DC3BDAC2B9E5EAD003D5EB9 /* FR1.swift */,
				6DC3BDAE2B9E5ECA003D5EB9 /* SR1.swift */,
				6DC3BDB02B9E5ED7003D5EB9 /* CF1.swift */,
				2235228F2BA0590E00FFC72A /* DisplayImage.swift */,
			);
			path = Models;
			sourceTree = "<group>";
		};
		6DD27DE32B9F455300E7F2C5 /* Mocs */ = {
			isa = PBXGroup;
			children = (
				6DC3BDA12B9E5128003D5EB9 /* MocProductsService.swift */,
				6DD27DE42B9F464800E7F2C5 /* MocData.swift */,
			);
			path = Mocs;
			sourceTree = "<group>";
		};
		6DD27DEF2B9F7D9D00E7F2C5 /* Enums */ = {
			isa = PBXGroup;
			children = (
				6DD27DF22B9F828E00E7F2C5 /* DiscountTypes.swift */,
				6D13F86A2B8F9176000377F1 /* ProductCodes.swift */,
			);
			path = Enums;
			sourceTree = "<group>";
		};
/* End PBXGroup section */

/* Begin PBXNativeTarget section */
		6D13F83A2B8F8DE4000377F1 /* Store */ = {
			isa = PBXNativeTarget;
			buildConfigurationList = 6D13F85F2B8F8DE5000377F1 /* Build configuration list for PBXNativeTarget "Store" */;
			buildPhases = (
				6D13F8372B8F8DE4000377F1 /* Sources */,
				6D13F8382B8F8DE4000377F1 /* Frameworks */,
				6D13F8392B8F8DE4000377F1 /* Resources */,
			);
			buildRules = (
			);
			dependencies = (
			);
			name = Store;
			productName = Store;
			productReference = 6D13F83B2B8F8DE4000377F1 /* Store.app */;
			productType = "com.apple.product-type.application";
		};
		6D13F84A2B8F8DE5000377F1 /* StoreTests */ = {
			isa = PBXNativeTarget;
			buildConfigurationList = 6D13F8622B8F8DE5000377F1 /* Build configuration list for PBXNativeTarget "StoreTests" */;
			buildPhases = (
				6D13F8472B8F8DE5000377F1 /* Sources */,
				6D13F8482B8F8DE5000377F1 /* Frameworks */,
				6D13F8492B8F8DE5000377F1 /* Resources */,
			);
			buildRules = (
			);
			dependencies = (
				6D13F84D2B8F8DE5000377F1 /* PBXTargetDependency */,
			);
			name = StoreTests;
			productName = StoreTests;
			productReference = 6D13F84B2B8F8DE5000377F1 /* StoreTests.xctest */;
			productType = "com.apple.product-type.bundle.unit-test";
		};
		6D13F8542B8F8DE5000377F1 /* StoreUITests */ = {
			isa = PBXNativeTarget;
			buildConfigurationList = 6D13F8652B8F8DE5000377F1 /* Build configuration list for PBXNativeTarget "StoreUITests" */;
			buildPhases = (
				6D13F8512B8F8DE5000377F1 /* Sources */,
				6D13F8522B8F8DE5000377F1 /* Frameworks */,
				6D13F8532B8F8DE5000377F1 /* Resources */,
			);
			buildRules = (
			);
			dependencies = (
				6D13F8572B8F8DE5000377F1 /* PBXTargetDependency */,
			);
			name = StoreUITests;
			productName = StoreUITests;
			productReference = 6D13F8552B8F8DE5000377F1 /* StoreUITests.xctest */;
			productType = "com.apple.product-type.bundle.ui-testing";
		};
/* End PBXNativeTarget section */

/* Begin PBXProject section */
		6D13F8332B8F8DE4000377F1 /* Project object */ = {
			isa = PBXProject;
			attributes = {
				BuildIndependentTargetsInParallel = 1;
				LastSwiftUpdateCheck = 1500;
				LastUpgradeCheck = 1500;
				TargetAttributes = {
					6D13F83A2B8F8DE4000377F1 = {
						CreatedOnToolsVersion = 15.0.1;
					};
					6D13F84A2B8F8DE5000377F1 = {
						CreatedOnToolsVersion = 15.0.1;
						TestTargetID = 6D13F83A2B8F8DE4000377F1;
					};
					6D13F8542B8F8DE5000377F1 = {
						CreatedOnToolsVersion = 15.0.1;
						TestTargetID = 6D13F83A2B8F8DE4000377F1;
					};
				};
			};
			buildConfigurationList = 6D13F8362B8F8DE4000377F1 /* Build configuration list for PBXProject "Store" */;
			compatibilityVersion = "Xcode 14.0";
			developmentRegion = en;
			hasScannedForEncodings = 0;
			knownRegions = (
				en,
				Base,
			);
			mainGroup = 6D13F8322B8F8DE4000377F1;
			productRefGroup = 6D13F83C2B8F8DE4000377F1 /* Products */;
			projectDirPath = "";
			projectRoot = "";
			targets = (
				6D13F83A2B8F8DE4000377F1 /* Store */,
				6D13F84A2B8F8DE5000377F1 /* StoreTests */,
				6D13F8542B8F8DE5000377F1 /* StoreUITests */,
			);
		};
/* End PBXProject section */

/* Begin PBXResourcesBuildPhase section */
		6D13F8392B8F8DE4000377F1 /* Resources */ = {
			isa = PBXResourcesBuildPhase;
			buildActionMask = 2147483647;
			files = (
				6D13F8462B8F8DE5000377F1 /* Preview Assets.xcassets in Resources */,
				6D13F8432B8F8DE5000377F1 /* Assets.xcassets in Resources */,
			);
			runOnlyForDeploymentPostprocessing = 0;
		};
		6D13F8492B8F8DE5000377F1 /* Resources */ = {
			isa = PBXResourcesBuildPhase;
			buildActionMask = 2147483647;
			files = (
			);
			runOnlyForDeploymentPostprocessing = 0;
		};
		6D13F8532B8F8DE5000377F1 /* Resources */ = {
			isa = PBXResourcesBuildPhase;
			buildActionMask = 2147483647;
			files = (
			);
			runOnlyForDeploymentPostprocessing = 0;
		};
/* End PBXResourcesBuildPhase section */

/* Begin PBXSourcesBuildPhase section */
		6D13F8372B8F8DE4000377F1 /* Sources */ = {
			isa = PBXSourcesBuildPhase;
			buildActionMask = 2147483647;
			files = (
				6D13F8702B8F9547000377F1 /* BuyOneGetOnePricingRule.swift in Sources */,
				6DD27DEC2B9F54A400E7F2C5 /* Constants.swift in Sources */,
				6D13F8692B8F9164000377F1 /* CheckoutService.swift in Sources */,
				221A50092BA0BBAA0026F6CE /* BuyOneGetOneLabel.swift in Sources */,
				6D13F86B2B8F9176000377F1 /* ProductCodes.swift in Sources */,
				6D13F8722B8F9553000377F1 /* LotBuyPricingRule.swift in Sources */,
				6D13F86E2B8F9500000377F1 /* PricingRulesProtocal.swift in Sources */,
				225C2B892BA1A8C800093D6F /* GlobleViewModifiers.swift in Sources */,
				223522922BA06EF700FFC72A /* Colors.swift in Sources */,
				6DD27DF32B9F828E00E7F2C5 /* DiscountTypes.swift in Sources */,
				6DC3BDA82B9E5E6B003D5EB9 /* ProductProtocol.swift in Sources */,
				6D13F8412B8F8DE4000377F1 /* HomeView.swift in Sources */,
				6DC3BDAD2B9E5EAD003D5EB9 /* FR1.swift in Sources */,
				221A500D2BA0BCFA0026F6CE /* LabelViewModifiers.swift in Sources */,
				6D13F83F2B8F8DE4000377F1 /* StoreApp.swift in Sources */,
				6DC3BDAF2B9E5ECA003D5EB9 /* SR1.swift in Sources */,
				6DD27DE72B9F538200E7F2C5 /* CartView.swift in Sources */,
				6DD27DE22B9F323B00E7F2C5 /* Typealias.swift in Sources */,
				221A500F2BA0BFC10026F6CE /* BackgroundSymbol.swift in Sources */,
				22EF02D82BA1D52100352131 /* CartItemCell.swift in Sources */,
				6DC3BD992B9E2948003D5EB9 /* BasePricingRule.swift in Sources */,
				6DD27DE92B9F543100E7F2C5 /* Extensions.swift in Sources */,
				6DC3BDB12B9E5ED7003D5EB9 /* CF1.swift in Sources */,
				6DD27DDE2B9F268200E7F2C5 /* FavouritesService.swift in Sources */,
				22C16C8F2BA133F900F90042 /* MainButton.swift in Sources */,
				2235228E2BA051F200FFC72A /* ProductGridItemView.swift in Sources */,
				6D17BC7D2B9B49BE00414E3B /* ViewError.swift in Sources */,
				6DD27DE52B9F464800E7F2C5 /* MocData.swift in Sources */,
				6DC3BDA22B9E5128003D5EB9 /* MocProductsService.swift in Sources */,
				223522902BA0590E00FFC72A /* DisplayImage.swift in Sources */,
				6DD27DDA2B9F184500E7F2C5 /* ProductDetailsView.swift in Sources */,
				22C16C8D2BA121B500F90042 /* BackgroundSymbolsView.swift in Sources */,
				221A500B2BA0BBBC0026F6CE /* BuyThreeGetDiscountsForEachLabel.swift in Sources */,
			);
			runOnlyForDeploymentPostprocessing = 0;
		};
		6D13F8472B8F8DE5000377F1 /* Sources */ = {
			isa = PBXSourcesBuildPhase;
			buildActionMask = 2147483647;
			files = (
				6D13F8502B8F8DE5000377F1 /* StoreTests.swift in Sources */,
			);
			runOnlyForDeploymentPostprocessing = 0;
		};
		6D13F8512B8F8DE5000377F1 /* Sources */ = {
			isa = PBXSourcesBuildPhase;
			buildActionMask = 2147483647;
			files = (
				6D13F85C2B8F8DE5000377F1 /* StoreUITestsLaunchTests.swift in Sources */,
				6D13F85A2B8F8DE5000377F1 /* StoreUITests.swift in Sources */,
			);
			runOnlyForDeploymentPostprocessing = 0;
		};
/* End PBXSourcesBuildPhase section */

/* Begin PBXTargetDependency section */
		6D13F84D2B8F8DE5000377F1 /* PBXTargetDependency */ = {
			isa = PBXTargetDependency;
			target = 6D13F83A2B8F8DE4000377F1 /* Store */;
			targetProxy = 6D13F84C2B8F8DE5000377F1 /* PBXContainerItemProxy */;
		};
		6D13F8572B8F8DE5000377F1 /* PBXTargetDependency */ = {
			isa = PBXTargetDependency;
			target = 6D13F83A2B8F8DE4000377F1 /* Store */;
			targetProxy = 6D13F8562B8F8DE5000377F1 /* PBXContainerItemProxy */;
		};
/* End PBXTargetDependency section */

/* Begin XCBuildConfiguration section */
		6D13F85D2B8F8DE5000377F1 /* Debug */ = {
			isa = XCBuildConfiguration;
			buildSettings = {
				ALWAYS_SEARCH_USER_PATHS = NO;
				ASSETCATALOG_COMPILER_GENERATE_SWIFT_ASSET_SYMBOL_EXTENSIONS = YES;
				CLANG_ANALYZER_NONNULL = YES;
				CLANG_ANALYZER_NUMBER_OBJECT_CONVERSION = YES_AGGRESSIVE;
				CLANG_CXX_LANGUAGE_STANDARD = "gnu++20";
				CLANG_ENABLE_MODULES = YES;
				CLANG_ENABLE_OBJC_ARC = YES;
				CLANG_ENABLE_OBJC_WEAK = YES;
				CLANG_WARN_BLOCK_CAPTURE_AUTORELEASING = YES;
				CLANG_WARN_BOOL_CONVERSION = YES;
				CLANG_WARN_COMMA = YES;
				CLANG_WARN_CONSTANT_CONVERSION = YES;
				CLANG_WARN_DEPRECATED_OBJC_IMPLEMENTATIONS = YES;
				CLANG_WARN_DIRECT_OBJC_ISA_USAGE = YES_ERROR;
				CLANG_WARN_DOCUMENTATION_COMMENTS = YES;
				CLANG_WARN_EMPTY_BODY = YES;
				CLANG_WARN_ENUM_CONVERSION = YES;
				CLANG_WARN_INFINITE_RECURSION = YES;
				CLANG_WARN_INT_CONVERSION = YES;
				CLANG_WARN_NON_LITERAL_NULL_CONVERSION = YES;
				CLANG_WARN_OBJC_IMPLICIT_RETAIN_SELF = YES;
				CLANG_WARN_OBJC_LITERAL_CONVERSION = YES;
				CLANG_WARN_OBJC_ROOT_CLASS = YES_ERROR;
				CLANG_WARN_QUOTED_INCLUDE_IN_FRAMEWORK_HEADER = YES;
				CLANG_WARN_RANGE_LOOP_ANALYSIS = YES;
				CLANG_WARN_STRICT_PROTOTYPES = YES;
				CLANG_WARN_SUSPICIOUS_MOVE = YES;
				CLANG_WARN_UNGUARDED_AVAILABILITY = YES_AGGRESSIVE;
				CLANG_WARN_UNREACHABLE_CODE = YES;
				CLANG_WARN__DUPLICATE_METHOD_MATCH = YES;
				COPY_PHASE_STRIP = NO;
				DEBUG_INFORMATION_FORMAT = dwarf;
				ENABLE_STRICT_OBJC_MSGSEND = YES;
				ENABLE_TESTABILITY = YES;
				ENABLE_USER_SCRIPT_SANDBOXING = YES;
				GCC_C_LANGUAGE_STANDARD = gnu17;
				GCC_DYNAMIC_NO_PIC = NO;
				GCC_NO_COMMON_BLOCKS = YES;
				GCC_OPTIMIZATION_LEVEL = 0;
				GCC_PREPROCESSOR_DEFINITIONS = (
					"DEBUG=1",
					"$(inherited)",
				);
				GCC_WARN_64_TO_32_BIT_CONVERSION = YES;
				GCC_WARN_ABOUT_RETURN_TYPE = YES_ERROR;
				GCC_WARN_UNDECLARED_SELECTOR = YES;
				GCC_WARN_UNINITIALIZED_AUTOS = YES_AGGRESSIVE;
				GCC_WARN_UNUSED_FUNCTION = YES;
				GCC_WARN_UNUSED_VARIABLE = YES;
				IPHONEOS_DEPLOYMENT_TARGET = 17.0;
				LOCALIZATION_PREFERS_STRING_CATALOGS = YES;
				MTL_ENABLE_DEBUG_INFO = INCLUDE_SOURCE;
				MTL_FAST_MATH = YES;
				ONLY_ACTIVE_ARCH = YES;
				SDKROOT = iphoneos;
				SWIFT_ACTIVE_COMPILATION_CONDITIONS = "DEBUG $(inherited)";
				SWIFT_OPTIMIZATION_LEVEL = "-Onone";
			};
			name = Debug;
		};
		6D13F85E2B8F8DE5000377F1 /* Release */ = {
			isa = XCBuildConfiguration;
			buildSettings = {
				ALWAYS_SEARCH_USER_PATHS = NO;
				ASSETCATALOG_COMPILER_GENERATE_SWIFT_ASSET_SYMBOL_EXTENSIONS = YES;
				CLANG_ANALYZER_NONNULL = YES;
				CLANG_ANALYZER_NUMBER_OBJECT_CONVERSION = YES_AGGRESSIVE;
				CLANG_CXX_LANGUAGE_STANDARD = "gnu++20";
				CLANG_ENABLE_MODULES = YES;
				CLANG_ENABLE_OBJC_ARC = YES;
				CLANG_ENABLE_OBJC_WEAK = YES;
				CLANG_WARN_BLOCK_CAPTURE_AUTORELEASING = YES;
				CLANG_WARN_BOOL_CONVERSION = YES;
				CLANG_WARN_COMMA = YES;
				CLANG_WARN_CONSTANT_CONVERSION = YES;
				CLANG_WARN_DEPRECATED_OBJC_IMPLEMENTATIONS = YES;
				CLANG_WARN_DIRECT_OBJC_ISA_USAGE = YES_ERROR;
				CLANG_WARN_DOCUMENTATION_COMMENTS = YES;
				CLANG_WARN_EMPTY_BODY = YES;
				CLANG_WARN_ENUM_CONVERSION = YES;
				CLANG_WARN_INFINITE_RECURSION = YES;
				CLANG_WARN_INT_CONVERSION = YES;
				CLANG_WARN_NON_LITERAL_NULL_CONVERSION = YES;
				CLANG_WARN_OBJC_IMPLICIT_RETAIN_SELF = YES;
				CLANG_WARN_OBJC_LITERAL_CONVERSION = YES;
				CLANG_WARN_OBJC_ROOT_CLASS = YES_ERROR;
				CLANG_WARN_QUOTED_INCLUDE_IN_FRAMEWORK_HEADER = YES;
				CLANG_WARN_RANGE_LOOP_ANALYSIS = YES;
				CLANG_WARN_STRICT_PROTOTYPES = YES;
				CLANG_WARN_SUSPICIOUS_MOVE = YES;
				CLANG_WARN_UNGUARDED_AVAILABILITY = YES_AGGRESSIVE;
				CLANG_WARN_UNREACHABLE_CODE = YES;
				CLANG_WARN__DUPLICATE_METHOD_MATCH = YES;
				COPY_PHASE_STRIP = NO;
				DEBUG_INFORMATION_FORMAT = "dwarf-with-dsym";
				ENABLE_NS_ASSERTIONS = NO;
				ENABLE_STRICT_OBJC_MSGSEND = YES;
				ENABLE_USER_SCRIPT_SANDBOXING = YES;
				GCC_C_LANGUAGE_STANDARD = gnu17;
				GCC_NO_COMMON_BLOCKS = YES;
				GCC_WARN_64_TO_32_BIT_CONVERSION = YES;
				GCC_WARN_ABOUT_RETURN_TYPE = YES_ERROR;
				GCC_WARN_UNDECLARED_SELECTOR = YES;
				GCC_WARN_UNINITIALIZED_AUTOS = YES_AGGRESSIVE;
				GCC_WARN_UNUSED_FUNCTION = YES;
				GCC_WARN_UNUSED_VARIABLE = YES;
				IPHONEOS_DEPLOYMENT_TARGET = 17.0;
				LOCALIZATION_PREFERS_STRING_CATALOGS = YES;
				MTL_ENABLE_DEBUG_INFO = NO;
				MTL_FAST_MATH = YES;
				SDKROOT = iphoneos;
				SWIFT_COMPILATION_MODE = wholemodule;
				VALIDATE_PRODUCT = YES;
			};
			name = Release;
		};
		6D13F8602B8F8DE5000377F1 /* Debug */ = {
			isa = XCBuildConfiguration;
			buildSettings = {
				ASSETCATALOG_COMPILER_APPICON_NAME = AppIcon;
				ASSETCATALOG_COMPILER_GLOBAL_ACCENT_COLOR_NAME = AccentColor;
				CODE_SIGN_STYLE = Automatic;
				CURRENT_PROJECT_VERSION = 1;
				DEVELOPMENT_ASSET_PATHS = "\"Store/Preview Content\"";
				ENABLE_PREVIEWS = YES;
				GENERATE_INFOPLIST_FILE = YES;
				INFOPLIST_KEY_CFBundleDisplayName = "Discount Store";
				INFOPLIST_KEY_UIApplicationSceneManifest_Generation = YES;
				INFOPLIST_KEY_UIApplicationSupportsIndirectInputEvents = YES;
				INFOPLIST_KEY_UILaunchScreen_Generation = YES;
				INFOPLIST_KEY_UISupportedInterfaceOrientations_iPad = "UIInterfaceOrientationPortrait UIInterfaceOrientationPortraitUpsideDown UIInterfaceOrientationLandscapeLeft UIInterfaceOrientationLandscapeRight";
				INFOPLIST_KEY_UISupportedInterfaceOrientations_iPhone = "UIInterfaceOrientationPortrait UIInterfaceOrientationLandscapeLeft UIInterfaceOrientationLandscapeRight";
				LD_RUNPATH_SEARCH_PATHS = (
					"$(inherited)",
					"@executable_path/Frameworks",
				);
				MARKETING_VERSION = 1.0;
				PRODUCT_BUNDLE_IDENTIFIER = com.myapps..Store;
				PRODUCT_NAME = "$(TARGET_NAME)";
				SWIFT_EMIT_LOC_STRINGS = YES;
				SWIFT_VERSION = 5.0;
				TARGETED_DEVICE_FAMILY = "1,2";
			};
			name = Debug;
		};
		6D13F8612B8F8DE5000377F1 /* Release */ = {
			isa = XCBuildConfiguration;
			buildSettings = {
				ASSETCATALOG_COMPILER_APPICON_NAME = AppIcon;
				ASSETCATALOG_COMPILER_GLOBAL_ACCENT_COLOR_NAME = AccentColor;
				CODE_SIGN_STYLE = Automatic;
				CURRENT_PROJECT_VERSION = 1;
				DEVELOPMENT_ASSET_PATHS = "\"Store/Preview Content\"";
				ENABLE_PREVIEWS = YES;
				GENERATE_INFOPLIST_FILE = YES;
				INFOPLIST_KEY_CFBundleDisplayName = "Discount Store";
				INFOPLIST_KEY_UIApplicationSceneManifest_Generation = YES;
				INFOPLIST_KEY_UIApplicationSupportsIndirectInputEvents = YES;
				INFOPLIST_KEY_UILaunchScreen_Generation = YES;
				INFOPLIST_KEY_UISupportedInterfaceOrientations_iPad = "UIInterfaceOrientationPortrait UIInterfaceOrientationPortraitUpsideDown UIInterfaceOrientationLandscapeLeft UIInterfaceOrientationLandscapeRight";
				INFOPLIST_KEY_UISupportedInterfaceOrientations_iPhone = "UIInterfaceOrientationPortrait UIInterfaceOrientationLandscapeLeft UIInterfaceOrientationLandscapeRight";
				LD_RUNPATH_SEARCH_PATHS = (
					"$(inherited)",
					"@executable_path/Frameworks",
				);
				MARKETING_VERSION = 1.0;
				PRODUCT_BUNDLE_IDENTIFIER = com.myapps..Store;
				PRODUCT_NAME = "$(TARGET_NAME)";
				SWIFT_EMIT_LOC_STRINGS = YES;
				SWIFT_VERSION = 5.0;
				TARGETED_DEVICE_FAMILY = "1,2";
			};
			name = Release;
		};
		6D13F8632B8F8DE5000377F1 /* Debug */ = {
			isa = XCBuildConfiguration;
			buildSettings = {
				ALWAYS_EMBED_SWIFT_STANDARD_LIBRARIES = YES;
				BUNDLE_LOADER = "$(TEST_HOST)";
				CODE_SIGN_STYLE = Automatic;
				CURRENT_PROJECT_VERSION = 1;
				GENERATE_INFOPLIST_FILE = YES;
				IPHONEOS_DEPLOYMENT_TARGET = 17.0;
				MARKETING_VERSION = 1.0;
				PRODUCT_BUNDLE_IDENTIFIER = com.myapps..StoreTests;
				PRODUCT_NAME = "$(TARGET_NAME)";
				SWIFT_EMIT_LOC_STRINGS = NO;
				SWIFT_VERSION = 5.0;
				TARGETED_DEVICE_FAMILY = "1,2";
				TEST_HOST = "$(BUILT_PRODUCTS_DIR)/Store.app/$(BUNDLE_EXECUTABLE_FOLDER_PATH)/Store";
			};
			name = Debug;
		};
		6D13F8642B8F8DE5000377F1 /* Release */ = {
			isa = XCBuildConfiguration;
			buildSettings = {
				ALWAYS_EMBED_SWIFT_STANDARD_LIBRARIES = YES;
				BUNDLE_LOADER = "$(TEST_HOST)";
				CODE_SIGN_STYLE = Automatic;
				CURRENT_PROJECT_VERSION = 1;
				GENERATE_INFOPLIST_FILE = YES;
				IPHONEOS_DEPLOYMENT_TARGET = 17.0;
				MARKETING_VERSION = 1.0;
				PRODUCT_BUNDLE_IDENTIFIER = com.myapps..StoreTests;
				PRODUCT_NAME = "$(TARGET_NAME)";
				SWIFT_EMIT_LOC_STRINGS = NO;
				SWIFT_VERSION = 5.0;
				TARGETED_DEVICE_FAMILY = "1,2";
				TEST_HOST = "$(BUILT_PRODUCTS_DIR)/Store.app/$(BUNDLE_EXECUTABLE_FOLDER_PATH)/Store";
			};
			name = Release;
		};
		6D13F8662B8F8DE5000377F1 /* Debug */ = {
			isa = XCBuildConfiguration;
			buildSettings = {
				ALWAYS_EMBED_SWIFT_STANDARD_LIBRARIES = YES;
				CODE_SIGN_STYLE = Automatic;
				CURRENT_PROJECT_VERSION = 1;
				GENERATE_INFOPLIST_FILE = YES;
				MARKETING_VERSION = 1.0;
				PRODUCT_BUNDLE_IDENTIFIER = com.myapps..StoreUITests;
				PRODUCT_NAME = "$(TARGET_NAME)";
				SWIFT_EMIT_LOC_STRINGS = NO;
				SWIFT_VERSION = 5.0;
				TARGETED_DEVICE_FAMILY = "1,2";
				TEST_TARGET_NAME = Store;
			};
			name = Debug;
		};
		6D13F8672B8F8DE5000377F1 /* Release */ = {
			isa = XCBuildConfiguration;
			buildSettings = {
				ALWAYS_EMBED_SWIFT_STANDARD_LIBRARIES = YES;
				CODE_SIGN_STYLE = Automatic;
				CURRENT_PROJECT_VERSION = 1;
				GENERATE_INFOPLIST_FILE = YES;
				MARKETING_VERSION = 1.0;
				PRODUCT_BUNDLE_IDENTIFIER = com.myapps..StoreUITests;
				PRODUCT_NAME = "$(TARGET_NAME)";
				SWIFT_EMIT_LOC_STRINGS = NO;
				SWIFT_VERSION = 5.0;
				TARGETED_DEVICE_FAMILY = "1,2";
				TEST_TARGET_NAME = Store;
			};
			name = Release;
		};
/* End XCBuildConfiguration section */

/* Begin XCConfigurationList section */
		6D13F8362B8F8DE4000377F1 /* Build configuration list for PBXProject "Store" */ = {
			isa = XCConfigurationList;
			buildConfigurations = (
				6D13F85D2B8F8DE5000377F1 /* Debug */,
				6D13F85E2B8F8DE5000377F1 /* Release */,
			);
			defaultConfigurationIsVisible = 0;
			defaultConfigurationName = Release;
		};
		6D13F85F2B8F8DE5000377F1 /* Build configuration list for PBXNativeTarget "Store" */ = {
			isa = XCConfigurationList;
			buildConfigurations = (
				6D13F8602B8F8DE5000377F1 /* Debug */,
				6D13F8612B8F8DE5000377F1 /* Release */,
			);
			defaultConfigurationIsVisible = 0;
			defaultConfigurationName = Release;
		};
		6D13F8622B8F8DE5000377F1 /* Build configuration list for PBXNativeTarget "StoreTests" */ = {
			isa = XCConfigurationList;
			buildConfigurations = (
				6D13F8632B8F8DE5000377F1 /* Debug */,
				6D13F8642B8F8DE5000377F1 /* Release */,
			);
			defaultConfigurationIsVisible = 0;
			defaultConfigurationName = Release;
		};
		6D13F8652B8F8DE5000377F1 /* Build configuration list for PBXNativeTarget "StoreUITests" */ = {
			isa = XCConfigurationList;
			buildConfigurations = (
				6D13F8662B8F8DE5000377F1 /* Debug */,
				6D13F8672B8F8DE5000377F1 /* Release */,
			);
			defaultConfigurationIsVisible = 0;
			defaultConfigurationName = Release;
		};
/* End XCConfigurationList section */
	};
	rootObject = 6D13F8332B8F8DE4000377F1 /* Project object */;
}
